
Microsoft Visual Studio Solution File, Format Version 12.00
# Visual Studio 14
VisualStudioVersion = 14.0.25420.1
MinimumVisualStudioVersion = 10.0.40219.1
Project("{2150E333-8FDC-42A3-9474-1A3956D46DE8}") = "src", "src", "{6C1D04C8-07CB-46F4-9E73-FB4E4D210A7B}"
EndProject
Project("{2150E333-8FDC-42A3-9474-1A3956D46DE8}") = "Solution Items", "Solution Items", "{0F6ABC3E-E6DF-49DE-91F5-6CA4B1EE4B1C}"
	ProjectSection(SolutionItems) = preProject
		global.json = global.json
	EndProjectSection
EndProject
Project("{8BB2217D-0F2D-49D1-97BC-3654ED321F3B}") = "IoT.Web", "src\IoT.Web\IoT.Web.xproj", "{94C53952-2E13-48AA-838A-2D58D2E1366E}"
EndProject
Global
	GlobalSection(SolutionConfigurationPlatforms) = preSolution
		Debug|Any CPU = Debug|Any CPU
		PROD|Any CPU = PROD|Any CPU
		QA|Any CPU = QA|Any CPU
		Release|Any CPU = Release|Any CPU
	EndGlobalSection
	GlobalSection(ProjectConfigurationPlatforms) = postSolution
		{94C53952-2E13-48AA-838A-2D58D2E1366E}.Debug|Any CPU.ActiveCfg = Debug|Any CPU
		{94C53952-2E13-48AA-838A-2D58D2E1366E}.Debug|Any CPU.Build.0 = Debug|Any CPU
		{94C53952-2E13-48AA-838A-2D58D2E1366E}.PROD|Any CPU.ActiveCfg = PROD|Any CPU
		{94C53952-2E13-48AA-838A-2D58D2E1366E}.PROD|Any CPU.Build.0 = PROD|Any CPU
		{94C53952-2E13-48AA-838A-2D58D2E1366E}.QA|Any CPU.ActiveCfg = QA|Any CPU
		{94C53952-2E13-48AA-838A-2D58D2E1366E}.QA|Any CPU.Build.0 = QA|Any CPU
		{94C53952-2E13-48AA-838A-2D58D2E1366E}.Release|Any CPU.ActiveCfg = Release|Any CPU
		{94C53952-2E13-48AA-838A-2D58D2E1366E}.Release|Any CPU.Build.0 = Release|Any CPU
	EndGlobalSection
	GlobalSection(SolutionProperties) = preSolution
		HideSolutionNode = FALSE
	EndGlobalSection
	GlobalSection(NestedProjects) = preSolution
		{94C53952-2E13-48AA-838A-2D58D2E1366E} = {6C1D04C8-07CB-46F4-9E73-FB4E4D210A7B}
	EndGlobalSection
EndGlobal
